{
  "name": "pocket-vna",
  "version": "0.1.0",
  "lockfileVersion": 1,
  "requires": true,
  "dependencies": {
    "complex.js": {
      "version": "2.0.10",
      "resolved": "https://registry.npmjs.org/complex.js/-/complex.js-2.0.10.tgz",
      "integrity": "sha512-PsT3WqpnTjS2ijoMM8XodCi/BYO04vkS8kBg1YXcqf5KcnKVV6uXUc1eeLHhBksj8i7Vu9iQF2/6ZG9gqI6CPQ=="
    },
    "decimal.js": {
      "version": "9.0.1",
      "resolved": "https://registry.npmjs.org/decimal.js/-/decimal.js-9.0.1.tgz",
      "integrity": "sha512-2h0iKbJwnImBk4TGk7CG1xadoA0g3LDPlQhQzbZ221zvG0p2YVUedbKIPsOZXKZGx6YmZMJKYOalpCMxSdDqTQ=="
    },
    "escape-latex": {
      "version": "1.0.3",
      "resolved": "https://registry.npmjs.org/escape-latex/-/escape-latex-1.0.3.tgz",
      "integrity": "sha512-GfKaG/7FOKdIdciylIzgaShBTPjdGQ5LJ2EcKLKXPLpcMO1MvCEVotkhydEShwCINRacZr2r3fk5A1PwZ4e5sA=="
    },
    "fraction.js": {
      "version": "4.0.8",
      "resolved": "https://registry.npmjs.org/fraction.js/-/fraction.js-4.0.8.tgz",
      "integrity": "sha512-8Jx2AkFIFQtFaF8wP7yUIW+lnCgzPbxsholryMZ+oPK6kKjY/nUrvMKtq1+A8aSAeFau7+G/zfO8aGk2Aw1wCA=="
    },
    "fs-web": {
      "version": "1.0.1",
      "resolved": "https://registry.npmjs.org/fs-web/-/fs-web-1.0.1.tgz",
      "integrity": "sha1-UxfnF6+U2xaH2oKkj8buT4CLEhs=",
      "requires": {
        "path": "git://github.com/component/path.git#7b4f23c38833a5232cd5e3d50ccb8cd13dbcd2f4"
      }
    },
    "javascript-natural-sort": {
      "version": "0.7.1",
      "resolved": "https://registry.npmjs.org/javascript-natural-sort/-/javascript-natural-sort-0.7.1.tgz",
      "integrity": "sha1-+eIwPUUH9tdDVac2ZNFED7Wg71k="
    },
    "mathjs": {
      "version": "4.4.2",
      "resolved": "https://registry.npmjs.org/mathjs/-/mathjs-4.4.2.tgz",
      "integrity": "sha512-T5zGIbDT/JGmzIu2Bocq4U8gbcmQVCyZaJbBCHKmJkLMQoWuh1SOuFH98doj1JEQwjpKkq3rqdUCuy3vLlBZOA==",
      "requires": {
        "complex.js": "2.0.10",
        "decimal.js": "9.0.1",
        "escape-latex": "1.0.3",
        "fraction.js": "4.0.8",
        "javascript-natural-sort": "0.7.1",
        "seed-random": "2.2.0",
        "tiny-emitter": "2.0.2",
        "typed-function": "1.0.3"
      }
    },
    "path": {
      "version": "git://github.com/component/path.git#7b4f23c38833a5232cd5e3d50ccb8cd13dbcd2f4"
    },
    "seed-random": {
      "version": "2.2.0",
      "resolved": "https://registry.npmjs.org/seed-random/-/seed-random-2.2.0.tgz",
      "integrity": "sha1-KpsZ4lCoFwmSMaW5mk2vgLf77VQ="
    },
    "sxp-to-json": {
      "version": "0.0.4",
      "resolved": "https://registry.npmjs.org/sxp-to-json/-/sxp-to-json-0.0.4.tgz",
      "integrity": "sha512-UBdaWgp6yfmbwtFNPLJOt4VmkyjIacSCI24Jeo53qSCGfMvBS3YbpVi4eC8WNsozJRA4+zghV8sTocg1N2y5Lw==",
      "requires": {
        "fs-web": "1.0.1",
        "mathjs": "4.4.2"
      }
    },
    "tiny-emitter": {
      "version": "2.0.2",
      "resolved": "https://registry.npmjs.org/tiny-emitter/-/tiny-emitter-2.0.2.tgz",
      "integrity": "sha512-2NM0auVBGft5tee/OxP4PI3d8WItkDM+fPnaRAVo6xTDI2knbz9eC5ArWGqtGlYqiH3RU5yMpdyTTO7MguC4ow=="
    },
    "typed-function": {
      "version": "1.0.3",
      "resolved": "https://registry.npmjs.org/typed-function/-/typed-function-1.0.3.tgz",
      "integrity": "sha512-sVC/1pm70oELDFMdYtFXMFqyawenLoaDiAXA3QvOAwKF/WvFNTSJN23cY2lFNL8iP0kh3T0PPKewrboO8XUVGQ=="
    }
  }
}
